
Microsoft Visual Studio Solution File, Format Version 12.00
# Visual Studio Version 16
VisualStudioVersion = 16.0.32228.343
MinimumVisualStudioVersion = 10.0.40219.1
Project("{FAE04EC0-301F-11D3-BF4B-00C04F79EFBC}") = "MyLauncher", "MyLauncher.csproj", "{A1CCF240-79FA-4ADB-AC29-1FCE9F8C72EE}"
EndProject
Global
	GlobalSection(SolutionConfigurationPlatforms) = preSolution
		Debug|Any CPU = Debug|Any CPU
		Release|Any CPU = Release|Any CPU
	EndGlobalSection
	GlobalSection(ProjectConfigurationPlatforms) = postSolution
		{A1CCF240-79FA-4ADB-AC29-1FCE9F8C72EE}.Debug|Any CPU.ActiveCfg = Debug|Any CPU
		{A1CCF240-79FA-4ADB-AC29-1FCE9F8C72EE}.Debug|Any CPU.Build.0 = Debug|Any CPU
		{A1CCF240-79FA-4ADB-AC29-1FCE9F8C72EE}.Release|Any CPU.ActiveCfg = Release|Any CPU
		{A1CCF240-79FA-4ADB-AC29-1FCE9F8C72EE}.Release|Any CPU.Build.0 = Release|Any CPU
	EndGlobalSection
	GlobalSection(SolutionProperties) = preSolution
		HideSolutionNode = FALSE
	EndGlobalSection
	GlobalSection(ExtensibilityGlobals) = postSolution
		SolutionGuid = {A387DE16-DD93-4CBC-AE14-ACF703260803}
	EndGlobalSection
EndGlobal
